
Microsoft Visual Studio Solution File, Format Version 12.00
# Visual Studio Version 16
VisualStudioVersion = 16.0.28803.202
MinimumVisualStudioVersion = 10.0.40219.1
Project("{9A19103F-16F7-4668-BE54-9A1E7A4F7556}") = "ZxenLib", "ZxenLib.csproj", "{A9AAC3AC-E2BE-405A-81BE-22CB495E7DD8}"
EndProject
Project("{FAE04EC0-301F-11D3-BF4B-00C04F79EFBC}") = "ZXenLibTests", "..\ZXenLibTests\ZXenLibTests.csproj", "{EE5B25CD-0A3C-406C-9559-02BA03B26C5A}"
EndProject
Project("{FAE04EC0-301F-11D3-BF4B-00C04F79EFBC}") = "ZxenLibBenchy", "..\ZxenLibBenchy\ZxenLibBenchy.csproj", "{1525C4E6-B19B-4982-9D01-9F5C57AE6833}"
EndProject
Global
	GlobalSection(SolutionConfigurationPlatforms) = preSolution
		Debug|Any CPU = Debug|Any CPU
		Release|Any CPU = Release|Any CPU
	EndGlobalSection
	GlobalSection(ProjectConfigurationPlatforms) = postSolution
		{A9AAC3AC-E2BE-405A-81BE-22CB495E7DD8}.Debug|Any CPU.ActiveCfg = Debug|Any CPU
		{A9AAC3AC-E2BE-405A-81BE-22CB495E7DD8}.Debug|Any CPU.Build.0 = Debug|Any CPU
		{A9AAC3AC-E2BE-405A-81BE-22CB495E7DD8}.Release|Any CPU.ActiveCfg = Release|Any CPU
		{A9AAC3AC-E2BE-405A-81BE-22CB495E7DD8}.Release|Any CPU.Build.0 = Release|Any CPU
		{EE5B25CD-0A3C-406C-9559-02BA03B26C5A}.Debug|Any CPU.ActiveCfg = Debug|Any CPU
		{EE5B25CD-0A3C-406C-9559-02BA03B26C5A}.Debug|Any CPU.Build.0 = Debug|Any CPU
		{EE5B25CD-0A3C-406C-9559-02BA03B26C5A}.Release|Any CPU.ActiveCfg = Release|Any CPU
		{EE5B25CD-0A3C-406C-9559-02BA03B26C5A}.Release|Any CPU.Build.0 = Release|Any CPU
		{1525C4E6-B19B-4982-9D01-9F5C57AE6833}.Debug|Any CPU.ActiveCfg = Debug|Any CPU
		{1525C4E6-B19B-4982-9D01-9F5C57AE6833}.Debug|Any CPU.Build.0 = Debug|Any CPU
		{1525C4E6-B19B-4982-9D01-9F5C57AE6833}.Release|Any CPU.ActiveCfg = Release|Any CPU
		{1525C4E6-B19B-4982-9D01-9F5C57AE6833}.Release|Any CPU.Build.0 = Release|Any CPU
	EndGlobalSection
	GlobalSection(SolutionProperties) = preSolution
		HideSolutionNode = FALSE
	EndGlobalSection
	GlobalSection(ExtensibilityGlobals) = postSolution
		SolutionGuid = {67ABF11A-3B3D-4F2C-8D86-07A55364C91B}
	EndGlobalSection
EndGlobal
